// !$*UTF8*$!
{
	archiveVersion = 1;
	classes = {
	};
	objectVersion = 55;
	objects = {

/* Begin PBXBuildFile section */
		018240AE2A4D5CBD003B80E2 /* AppDelegate.swift in Sources */ = {isa = PBXBuildFile; fileRef = 018240AD2A4D5CBD003B80E2 /* AppDelegate.swift */; };
		018240B02A4D5CBD003B80E2 /* SceneDelegate.swift in Sources */ = {isa = PBXBuildFile; fileRef = 018240AF2A4D5CBD003B80E2 /* SceneDelegate.swift */; };
		018240B22A4D5CBD003B80E2 /* ViewController.swift in Sources */ = {isa = PBXBuildFile; fileRef = 018240B12A4D5CBD003B80E2 /* ViewController.swift */; };
		018240B72A4D5CBE003B80E2 /* Assets.xcassets in Resources */ = {isa = PBXBuildFile; fileRef = 018240B62A4D5CBE003B80E2 /* Assets.xcassets */; };
		018240BA2A4D5CBE003B80E2 /* LaunchScreen.storyboard in Resources */ = {isa = PBXBuildFile; fileRef = 018240B82A4D5CBE003B80E2 /* LaunchScreen.storyboard */; };
		018240C22A4D6E00003B80E2 /* PostViewController.swift in Sources */ = {isa = PBXBuildFile; fileRef = 018240C12A4D6E00003B80E2 /* PostViewController.swift */; };
		018240C62A4D899C003B80E2 /* IconPack.swift in Sources */ = {isa = PBXBuildFile; fileRef = 018240C52A4D899C003B80E2 /* IconPack.swift */; };
		018240C82A4D9148003B80E2 /* FeedViewController.swift in Sources */ = {isa = PBXBuildFile; fileRef = 018240C72A4D9148003B80E2 /* FeedViewController.swift */; };
		018240CC2A4EB07D003B80E2 /* Post.swift in Sources */ = {isa = PBXBuildFile; fileRef = 018240CB2A4EB07D003B80E2 /* Post.swift */; };
		018240CE2A4ED2E0003B80E2 /* InfoViewController.swift in Sources */ = {isa = PBXBuildFile; fileRef = 018240CD2A4ED2E0003B80E2 /* InfoViewController.swift */; };
		018241932A5ABECC003B80E2 /* ProfileHeaderView.swift in Sources */ = {isa = PBXBuildFile; fileRef = 018241922A5ABECC003B80E2 /* ProfileHeaderView.swift */; };
		018241952A5ABEFE003B80E2 /* ProfileViewController.swift in Sources */ = {isa = PBXBuildFile; fileRef = 018241942A5ABEFE003B80E2 /* ProfileViewController.swift */; };
/* End PBXBuildFile section */

/* Begin PBXFileReference section */
		018240AA2A4D5CBD003B80E2 /* Navigation.app */ = {isa = PBXFileReference; explicitFileType = wrapper.application; includeInIndex = 0; path = Navigation.app; sourceTree = BUILT_PRODUCTS_DIR; };
		018240AD2A4D5CBD003B80E2 /* AppDelegate.swift */ = {isa = PBXFileReference; lastKnownFileType = sourcecode.swift; path = AppDelegate.swift; sourceTree = "<group>"; };
		018240AF2A4D5CBD003B80E2 /* SceneDelegate.swift */ = {isa = PBXFileReference; lastKnownFileType = sourcecode.swift; path = SceneDelegate.swift; sourceTree = "<group>"; };
		018240B12A4D5CBD003B80E2 /* ViewController.swift */ = {isa = PBXFileReference; lastKnownFileType = sourcecode.swift; path = ViewController.swift; sourceTree = "<group>"; };
		018240B62A4D5CBE003B80E2 /* Assets.xcassets */ = {isa = PBXFileReference; lastKnownFileType = folder.assetcatalog; path = Assets.xcassets; sourceTree = "<group>"; };
		018240B92A4D5CBE003B80E2 /* Base */ = {isa = PBXFileReference; lastKnownFileType = file.storyboard; name = Base; path = Base.lproj/LaunchScreen.storyboard; sourceTree = "<group>"; };
		018240BB2A4D5CBE003B80E2 /* Info.plist */ = {isa = PBXFileReference; lastKnownFileType = text.plist.xml; path = Info.plist; sourceTree = "<group>"; };
		018240C12A4D6E00003B80E2 /* PostViewController.swift */ = {isa = PBXFileReference; lastKnownFileType = sourcecode.swift; path = PostViewController.swift; sourceTree = "<group>"; };
		018240C52A4D899C003B80E2 /* IconPack.swift */ = {isa = PBXFileReference; lastKnownFileType = sourcecode.swift; path = IconPack.swift; sourceTree = "<group>"; };
		018240C72A4D9148003B80E2 /* FeedViewController.swift */ = {isa = PBXFileReference; lastKnownFileType = sourcecode.swift; path = FeedViewController.swift; sourceTree = "<group>"; };
		018240CB2A4EB07D003B80E2 /* Post.swift */ = {isa = PBXFileReference; lastKnownFileType = sourcecode.swift; path = Post.swift; sourceTree = "<group>"; };
		018240CD2A4ED2E0003B80E2 /* InfoViewController.swift */ = {isa = PBXFileReference; lastKnownFileType = sourcecode.swift; path = InfoViewController.swift; sourceTree = "<group>"; };
		018241922A5ABECC003B80E2 /* ProfileHeaderView.swift */ = {isa = PBXFileReference; lastKnownFileType = sourcecode.swift; path = ProfileHeaderView.swift; sourceTree = "<group>"; };
		018241942A5ABEFE003B80E2 /* ProfileViewController.swift */ = {isa = PBXFileReference; lastKnownFileType = sourcecode.swift; path = ProfileViewController.swift; sourceTree = "<group>"; };
/* End PBXFileReference section */

/* Begin PBXFrameworksBuildPhase section */
		018240A72A4D5CBD003B80E2 /* Frameworks */ = {
			isa = PBXFrameworksBuildPhase;
			buildActionMask = 2147483647;
			files = (
			);
			runOnlyForDeploymentPostprocessing = 0;
		};
/* End PBXFrameworksBuildPhase section */

/* Begin PBXGroup section */
		018240A12A4D5CBD003B80E2 = {
			isa = PBXGroup;
			children = (
				018240AC2A4D5CBD003B80E2 /* Navigation */,
				018240AB2A4D5CBD003B80E2 /* Products */,
			);
			sourceTree = "<group>";
		};
		018240AB2A4D5CBD003B80E2 /* Products */ = {
			isa = PBXGroup;
			children = (
				018240AA2A4D5CBD003B80E2 /* Navigation.app */,
			);
			name = Products;
			sourceTree = "<group>";
		};
		018240AC2A4D5CBD003B80E2 /* Navigation */ = {
			isa = PBXGroup;
			children = (
				018241912A5ABE88003B80E2 /* Profile */,
				018240AD2A4D5CBD003B80E2 /* AppDelegate.swift */,
				018240AF2A4D5CBD003B80E2 /* SceneDelegate.swift */,
				018240B12A4D5CBD003B80E2 /* ViewController.swift */,
				018240C72A4D9148003B80E2 /* FeedViewController.swift */,
				018240C12A4D6E00003B80E2 /* PostViewController.swift */,
				018240CD2A4ED2E0003B80E2 /* InfoViewController.swift */,
				018240CB2A4EB07D003B80E2 /* Post.swift */,
				018240B62A4D5CBE003B80E2 /* Assets.xcassets */,
				018240C52A4D899C003B80E2 /* IconPack.swift */,
				018240B82A4D5CBE003B80E2 /* LaunchScreen.storyboard */,
				018240BB2A4D5CBE003B80E2 /* Info.plist */,
			);
			path = Navigation;
			sourceTree = "<group>";
		};
		018241912A5ABE88003B80E2 /* Profile */ = {
			isa = PBXGroup;
			children = (
				018241922A5ABECC003B80E2 /* ProfileHeaderView.swift */,
				018241942A5ABEFE003B80E2 /* ProfileViewController.swift */,
			);
			path = Profile;
			sourceTree = "<group>";
		};
/* End PBXGroup section */

/* Begin PBXNativeTarget section */
		018240A92A4D5CBD003B80E2 /* Navigation */ = {
			isa = PBXNativeTarget;
			buildConfigurationList = 018240BE2A4D5CBE003B80E2 /* Build configuration list for PBXNativeTarget "Navigation" */;
			buildPhases = (
				018240A62A4D5CBD003B80E2 /* Sources */,
				018240A72A4D5CBD003B80E2 /* Frameworks */,
				018240A82A4D5CBD003B80E2 /* Resources */,
			);
			buildRules = (
			);
			dependencies = (
			);
			name = Navigation;
			productName = Navigation;
			productReference = 018240AA2A4D5CBD003B80E2 /* Navigation.app */;
			productType = "com.apple.product-type.application";
		};
/* End PBXNativeTarget section */

/* Begin PBXProject section */
		018240A22A4D5CBD003B80E2 /* Project object */ = {
			isa = PBXProject;
			attributes = {
				BuildIndependentTargetsInParallel = 1;
				LastSwiftUpdateCheck = 1430;
				LastUpgradeCheck = 1430;
				TargetAttributes = {
					018240A92A4D5CBD003B80E2 = {
						CreatedOnToolsVersion = 14.3;
					};
				};
			};
			buildConfigurationList = 018240A52A4D5CBD003B80E2 /* Build configuration list for PBXProject "Navigation" */;
			compatibilityVersion = "Xcode 13.0";
			developmentRegion = en;
			hasScannedForEncodings = 0;
			knownRegions = (
				en,
				Base,
			);
			mainGroup = 018240A12A4D5CBD003B80E2;
			productRefGroup = 018240AB2A4D5CBD003B80E2 /* Products */;
			projectDirPath = "";
			projectRoot = "";
			targets = (
				018240A92A4D5CBD003B80E2 /* Navigation */,
			);
		};
/* End PBXProject section */

/* Begin PBXResourcesBuildPhase section */
		018240A82A4D5CBD003B80E2 /* Resources */ = {
			isa = PBXResourcesBuildPhase;
			buildActionMask = 2147483647;
			files = (
				018240BA2A4D5CBE003B80E2 /* LaunchScreen.storyboard in Resources */,
				018240B72A4D5CBE003B80E2 /* Assets.xcassets in Resources */,
			);
			runOnlyForDeploymentPostprocessing = 0;
		};
/* End PBXResourcesBuildPhase section */

/* Begin PBXSourcesBuildPhase section */
		018240A62A4D5CBD003B80E2 /* Sources */ = {
			isa = PBXSourcesBuildPhase;
			buildActionMask = 2147483647;
			files = (
				018240C62A4D899C003B80E2 /* IconPack.swift in Sources */,
				018240C22A4D6E00003B80E2 /* PostViewController.swift in Sources */,
				018240B22A4D5CBD003B80E2 /* ViewController.swift in Sources */,
				018241932A5ABECC003B80E2 /* ProfileHeaderView.swift in Sources */,
				018240CC2A4EB07D003B80E2 /* Post.swift in Sources */,
				018240CE2A4ED2E0003B80E2 /* InfoViewController.swift in Sources */,
				018241952A5ABEFE003B80E2 /* ProfileViewController.swift in Sources */,
				018240AE2A4D5CBD003B80E2 /* AppDelegate.swift in Sources */,
				018240C82A4D9148003B80E2 /* FeedViewController.swift in Sources */,
				018240B02A4D5CBD003B80E2 /* SceneDelegate.swift in Sources */,
			);
			runOnlyForDeploymentPostprocessing = 0;
		};
/* End PBXSourcesBuildPhase section */

/* Begin PBXVariantGroup section */
		018240B82A4D5CBE003B80E2 /* LaunchScreen.storyboard */ = {
			isa = PBXVariantGroup;
			children = (
				018240B92A4D5CBE003B80E2 /* Base */,
			);
			name = LaunchScreen.storyboard;
			sourceTree = "<group>";
		};
/* End PBXVariantGroup section */

/* Begin XCBuildConfiguration section */
		018240BC2A4D5CBE003B80E2 /* Debug */ = {
			isa = XCBuildConfiguration;
			buildSettings = {
				ALWAYS_SEARCH_USER_PATHS = NO;
				CLANG_ANALYZER_NONNULL = YES;
				CLANG_ANALYZER_NUMBER_OBJECT_CONVERSION = YES_AGGRESSIVE;
				CLANG_CXX_LANGUAGE_STANDARD = "gnu++20";
				CLANG_ENABLE_MODULES = YES;
				CLANG_ENABLE_OBJC_ARC = YES;
				CLANG_ENABLE_OBJC_WEAK = YES;
				CLANG_WARN_BLOCK_CAPTURE_AUTORELEASING = YES;
				CLANG_WARN_BOOL_CONVERSION = YES;
				CLANG_WARN_COMMA = YES;
				CLANG_WARN_CONSTANT_CONVERSION = YES;
				CLANG_WARN_DEPRECATED_OBJC_IMPLEMENTATIONS = YES;
				CLANG_WARN_DIRECT_OBJC_ISA_USAGE = YES_ERROR;
				CLANG_WARN_DOCUMENTATION_COMMENTS = YES;
				CLANG_WARN_EMPTY_BODY = YES;
				CLANG_WARN_ENUM_CONVERSION = YES;
				CLANG_WARN_INFINITE_RECURSION = YES;
				CLANG_WARN_INT_CONVERSION = YES;
				CLANG_WARN_NON_LITERAL_NULL_CONVERSION = YES;
				CLANG_WARN_OBJC_IMPLICIT_RETAIN_SELF = YES;
				CLANG_WARN_OBJC_LITERAL_CONVERSION = YES;
				CLANG_WARN_OBJC_ROOT_CLASS = YES_ERROR;
				CLANG_WARN_QUOTED_INCLUDE_IN_FRAMEWORK_HEADER = YES;
				CLANG_WARN_RANGE_LOOP_ANALYSIS = YES;
				CLANG_WARN_STRICT_PROTOTYPES = YES;
				CLANG_WARN_SUSPICIOUS_MOVE = YES;
				CLANG_WARN_UNGUARDED_AVAILABILITY = YES_AGGRESSIVE;
				CLANG_WARN_UNREACHABLE_CODE = YES;
				CLANG_WARN__DUPLICATE_METHOD_MATCH = YES;
				COPY_PHASE_STRIP = NO;
				DEBUG_INFORMATION_FORMAT = dwarf;
				ENABLE_STRICT_OBJC_MSGSEND = YES;
				ENABLE_TESTABILITY = YES;
				GCC_C_LANGUAGE_STANDARD = gnu11;
				GCC_DYNAMIC_NO_PIC = NO;
				GCC_NO_COMMON_BLOCKS = YES;
				GCC_OPTIMIZATION_LEVEL = 0;
				GCC_PREPROCESSOR_DEFINITIONS = (
					"DEBUG=1",
					"$(inherited)",
				);
				GCC_WARN_64_TO_32_BIT_CONVERSION = YES;
				GCC_WARN_ABOUT_RETURN_TYPE = YES_ERROR;
				GCC_WARN_UNDECLARED_SELECTOR = YES;
				GCC_WARN_UNINITIALIZED_AUTOS = YES_AGGRESSIVE;
				GCC_WARN_UNUSED_FUNCTION = YES;
				GCC_WARN_UNUSED_VARIABLE = YES;
				IPHONEOS_DEPLOYMENT_TARGET = 16.4;
				MTL_ENABLE_DEBUG_INFO = INCLUDE_SOURCE;
				MTL_FAST_MATH = YES;
				ONLY_ACTIVE_ARCH = YES;
				SDKROOT = iphoneos;
				SWIFT_ACTIVE_COMPILATION_CONDITIONS = DEBUG;
				SWIFT_OPTIMIZATION_LEVEL = "-Onone";
			};
			name = Debug;
		};
		018240BD2A4D5CBE003B80E2 /* Release */ = {
			isa = XCBuildConfiguration;
			buildSettings = {
				ALWAYS_SEARCH_USER_PATHS = NO;
				CLANG_ANALYZER_NONNULL = YES;
				CLANG_ANALYZER_NUMBER_OBJECT_CONVERSION = YES_AGGRESSIVE;
				CLANG_CXX_LANGUAGE_STANDARD = "gnu++20";
				CLANG_ENABLE_MODULES = YES;
				CLANG_ENABLE_OBJC_ARC = YES;
				CLANG_ENABLE_OBJC_WEAK = YES;
				CLANG_WARN_BLOCK_CAPTURE_AUTORELEASING = YES;
				CLANG_WARN_BOOL_CONVERSION = YES;
				CLANG_WARN_COMMA = YES;
				CLANG_WARN_CONSTANT_CONVERSION = YES;
				CLANG_WARN_DEPRECATED_OBJC_IMPLEMENTATIONS = YES;
				CLANG_WARN_DIRECT_OBJC_ISA_USAGE = YES_ERROR;
				CLANG_WARN_DOCUMENTATION_COMMENTS = YES;
				CLANG_WARN_EMPTY_BODY = YES;
				CLANG_WARN_ENUM_CONVERSION = YES;
				CLANG_WARN_INFINITE_RECURSION = YES;
				CLANG_WARN_INT_CONVERSION = YES;
				CLANG_WARN_NON_LITERAL_NULL_CONVERSION = YES;
				CLANG_WARN_OBJC_IMPLICIT_RETAIN_SELF = YES;
				CLANG_WARN_OBJC_LITERAL_CONVERSION = YES;
				CLANG_WARN_OBJC_ROOT_CLASS = YES_ERROR;
				CLANG_WARN_QUOTED_INCLUDE_IN_FRAMEWORK_HEADER = YES;
				CLANG_WARN_RANGE_LOOP_ANALYSIS = YES;
				CLANG_WARN_STRICT_PROTOTYPES = YES;
				CLANG_WARN_SUSPICIOUS_MOVE = YES;
				CLANG_WARN_UNGUARDED_AVAILABILITY = YES_AGGRESSIVE;
				CLANG_WARN_UNREACHABLE_CODE = YES;
				CLANG_WARN__DUPLICATE_METHOD_MATCH = YES;
				COPY_PHASE_STRIP = NO;
				DEBUG_INFORMATION_FORMAT = "dwarf-with-dsym";
				ENABLE_NS_ASSERTIONS = NO;
				ENABLE_STRICT_OBJC_MSGSEND = YES;
				GCC_C_LANGUAGE_STANDARD = gnu11;
				GCC_NO_COMMON_BLOCKS = YES;
				GCC_WARN_64_TO_32_BIT_CONVERSION = YES;
				GCC_WARN_ABOUT_RETURN_TYPE = YES_ERROR;
				GCC_WARN_UNDECLARED_SELECTOR = YES;
				GCC_WARN_UNINITIALIZED_AUTOS = YES_AGGRESSIVE;
				GCC_WARN_UNUSED_FUNCTION = YES;
				GCC_WARN_UNUSED_VARIABLE = YES;
				IPHONEOS_DEPLOYMENT_TARGET = 16.4;
				MTL_ENABLE_DEBUG_INFO = NO;
				MTL_FAST_MATH = YES;
				SDKROOT = iphoneos;
				SWIFT_COMPILATION_MODE = wholemodule;
				SWIFT_OPTIMIZATION_LEVEL = "-O";
				VALIDATE_PRODUCT = YES;
			};
			name = Release;
		};
		018240BF2A4D5CBE003B80E2 /* Debug */ = {
			isa = XCBuildConfiguration;
			buildSettings = {
				ASSETCATALOG_COMPILER_APPICON_NAME = AppIcon;
				ASSETCATALOG_COMPILER_GLOBAL_ACCENT_COLOR_NAME = AccentColor;
				CODE_SIGN_STYLE = Automatic;
				CURRENT_PROJECT_VERSION = 1;
				GENERATE_INFOPLIST_FILE = YES;
				INFOPLIST_FILE = Navigation/Info.plist;
				INFOPLIST_KEY_UIApplicationSupportsIndirectInputEvents = YES;
				INFOPLIST_KEY_UILaunchStoryboardName = LaunchScreen;
				INFOPLIST_KEY_UIMainStoryboardFile = "";
				INFOPLIST_KEY_UISupportedInterfaceOrientations = "UIInterfaceOrientationLandscapeLeft UIInterfaceOrientationLandscapeRight UIInterfaceOrientationPortrait";
				INFOPLIST_KEY_UISupportedInterfaceOrientations_iPad = "UIInterfaceOrientationLandscapeLeft UIInterfaceOrientationLandscapeRight UIInterfaceOrientationPortrait UIInterfaceOrientationPortraitUpsideDown";
				IPHONEOS_DEPLOYMENT_TARGET = 13.0;
				LD_RUNPATH_SEARCH_PATHS = (
					"$(inherited)",
					"@executable_path/Frameworks",
				);
				MARKETING_VERSION = 1.0;
				PRODUCT_BUNDLE_IDENTIFIER = Netology.Navigation;
				PRODUCT_NAME = "$(TARGET_NAME)";
				SUPPORTED_PLATFORMS = "iphoneos iphonesimulator";
				SUPPORTS_MACCATALYST = NO;
				SUPPORTS_MAC_DESIGNED_FOR_IPHONE_IPAD = NO;
				SWIFT_EMIT_LOC_STRINGS = YES;
				SWIFT_VERSION = 5.0;
				TARGETED_DEVICE_FAMILY = 1;
			};
			name = Debug;
		};
		018240C02A4D5CBE003B80E2 /* Release */ = {
			isa = XCBuildConfiguration;
			buildSettings = {
				ASSETCATALOG_COMPILER_APPICON_NAME = AppIcon;
				ASSETCATALOG_COMPILER_GLOBAL_ACCENT_COLOR_NAME = AccentColor;
				CODE_SIGN_STYLE = Automatic;
				CURRENT_PROJECT_VERSION = 1;
				GENERATE_INFOPLIST_FILE = YES;
				INFOPLIST_FILE = Navigation/Info.plist;
				INFOPLIST_KEY_UIApplicationSupportsIndirectInputEvents = YES;
				INFOPLIST_KEY_UILaunchStoryboardName = LaunchScreen;
				INFOPLIST_KEY_UIMainStoryboardFile = "";
				INFOPLIST_KEY_UISupportedInterfaceOrientations = "UIInterfaceOrientationLandscapeLeft UIInterfaceOrientationLandscapeRight UIInterfaceOrientationPortrait";
				INFOPLIST_KEY_UISupportedInterfaceOrientations_iPad = "UIInterfaceOrientationLandscapeLeft UIInterfaceOrientationLandscapeRight UIInterfaceOrientationPortrait UIInterfaceOrientationPortraitUpsideDown";
				IPHONEOS_DEPLOYMENT_TARGET = 13.0;
				LD_RUNPATH_SEARCH_PATHS = (
					"$(inherited)",
					"@executable_path/Frameworks",
				);
				MARKETING_VERSION = 1.0;
				PRODUCT_BUNDLE_IDENTIFIER = Netology.Navigation;
				PRODUCT_NAME = "$(TARGET_NAME)";
				SUPPORTED_PLATFORMS = "iphoneos iphonesimulator";
				SUPPORTS_MACCATALYST = NO;
				SUPPORTS_MAC_DESIGNED_FOR_IPHONE_IPAD = NO;
				SWIFT_EMIT_LOC_STRINGS = YES;
				SWIFT_VERSION = 5.0;
				TARGETED_DEVICE_FAMILY = 1;
			};
			name = Release;
		};
/* End XCBuildConfiguration section */

/* Begin XCConfigurationList section */
		018240A52A4D5CBD003B80E2 /* Build configuration list for PBXProject "Navigation" */ = {
			isa = XCConfigurationList;
			buildConfigurations = (
				018240BC2A4D5CBE003B80E2 /* Debug */,
				018240BD2A4D5CBE003B80E2 /* Release */,
			);
			defaultConfigurationIsVisible = 0;
			defaultConfigurationName = Release;
		};
		018240BE2A4D5CBE003B80E2 /* Build configuration list for PBXNativeTarget "Navigation" */ = {
			isa = XCConfigurationList;
			buildConfigurations = (
				018240BF2A4D5CBE003B80E2 /* Debug */,
				018240C02A4D5CBE003B80E2 /* Release */,
			);
			defaultConfigurationIsVisible = 0;
			defaultConfigurationName = Release;
		};
/* End XCConfigurationList section */
	};
	rootObject = 018240A22A4D5CBD003B80E2 /* Project object */;
}
